{
  "version": 4,
  "terraform_version": "1.5.2",
  "serial": 3,
  "lineage": "2395d930-fe9a-fbb0-3084-75c8c50fa41b",
  "outputs": {},
  "resources": [
    {
      "mode": "managed",
      "type": "github_repository",
      "name": "example",
      "provider": "provider[\"registry.terraform.io/integrations/github\"]",
      "instances": [
        {
          "schema_version": 0,
          "attributes": {
            "allow_merge_commit": true,
            "allow_rebase_merge": true,
            "allow_squash_merge": true,
            "archive_on_destroy": null,
            "archived": false,
            "auto_init": null,
            "default_branch": "main",
            "delete_branch_on_merge": false,
            "description": "My Git repository created with Terraform",
            "etag": "W/\"5cfdb53326419be5531749a5dc3f168f51e3781c87e7f5667cdb873f4d52b17b\"",
            "full_name": "Akhil04014/my-repo",
            "git_clone_url": "git://github.com/Akhil04014/my-repo.git",
            "gitignore_template": null,
            "has_downloads": false,
            "has_issues": false,
            "has_projects": false,
            "has_wiki": false,
            "homepage_url": "",
            "html_url": "https://github.com/Akhil04014/my-repo",
            "http_clone_url": "https://github.com/Akhil04014/my-repo.git",
            "id": "my-repo",
            "is_template": false,
            "license_template": null,
            "name": "my-repo",
            "node_id": "R_kgDOJ5wAjQ",
            "pages": [],
            "private": false,
            "repo_id": 664535181,
            "ssh_clone_url": "git@github.com:Akhil04014/my-repo.git",
            "svn_url": "https://github.com/Akhil04014/my-repo",
            "template": [],
            "topics": null,
            "visibility": "public",
            "vulnerability_alerts": false
          },
          "sensitive_attributes": [],
          "private": "bnVsbA=="
        }
      ]
    }
  ],
  "check_results": null
}
